{
    "_meta": {
        "hash": {
            "sha256": "3517a0cbe6a39100eb4ecbf05d168460a760584adf3ba9fe2f1e48bef734a895"
        },
        "pipfile-spec": 6,
        "requires": {
            "python_version": "3.8"
        },
        "sources": [
            {
                "name": "pypi",
                "url": "https://pypi.python.org/simple",
                "verify_ssl": true
            }
        ]
    },
    "default": {
        "appdirs": {
            "hashes": [
                "sha256:7d5d0167b2b1ba821647616af46a749d1c653740dd0d2415100fe26e27afdf41",
                "sha256:a841dacd6b99318a741b166adb07e19ee71a274450e68237b4650ca1055ab128"
            ],
            "index": "pypi",
            "version": "==1.4.4"
        },
        "password-strength": {
            "hashes": [
                "sha256:6739357c2863d707b7c7f247ff7c6882a70904a18d12c9aaf98f8b95da176fb9",
                "sha256:bf4df10a58fcd3abfa182367307b4fd7b1cec518121dd83bf80c1c42ba796762"
            ],
            "index": "pypi",
            "version": "==0.0.3.post2"
        },
        "six": {
            "hashes": [
                "sha256:30639c035cdb23534cd4aa2dd52c3bf48f06e5f4a941509c8bafd8ce11080259",
                "sha256:8b74bedcbbbaca38ff6d7491d76f2b06b3592611af620f8426e82dddb04a5ced"
            ],
            "version": "==1.15.0"
        }
    },
    "develop": {}
}
